
Microsoft Visual Studio Solution File, Format Version 12.00
# Visual Studio 14
VisualStudioVersion = 14.0.24720.0
MinimumVisualStudioVersion = 10.0.40219.1
Project("{FAE04EC0-301F-11D3-BF4B-00C04F79EFBC}") = "AddDictionaryToDB", "AddDictionaryToDB\AddDictionaryToDB.csproj", "{3936763A-0AD9-4854-B9D5-AA1FD30B50F7}"
EndProject
Project("{FAE04EC0-301F-11D3-BF4B-00C04F79EFBC}") = "MySqlDict", "MySqlDict\MySqlDict.csproj", "{6C2967EA-1201-4729-9053-039F51CC4A67}"
EndProject
Global
	GlobalSection(SolutionConfigurationPlatforms) = preSolution
		Debug|Any CPU = Debug|Any CPU
		Release|Any CPU = Release|Any CPU
	EndGlobalSection
	GlobalSection(ProjectConfigurationPlatforms) = postSolution
		{3936763A-0AD9-4854-B9D5-AA1FD30B50F7}.Debug|Any CPU.ActiveCfg = Debug|Any CPU
		{3936763A-0AD9-4854-B9D5-AA1FD30B50F7}.Debug|Any CPU.Build.0 = Debug|Any CPU
		{3936763A-0AD9-4854-B9D5-AA1FD30B50F7}.Release|Any CPU.ActiveCfg = Release|Any CPU
		{3936763A-0AD9-4854-B9D5-AA1FD30B50F7}.Release|Any CPU.Build.0 = Release|Any CPU
		{6C2967EA-1201-4729-9053-039F51CC4A67}.Debug|Any CPU.ActiveCfg = Debug|Any CPU
		{6C2967EA-1201-4729-9053-039F51CC4A67}.Debug|Any CPU.Build.0 = Debug|Any CPU
		{6C2967EA-1201-4729-9053-039F51CC4A67}.Release|Any CPU.ActiveCfg = Release|Any CPU
		{6C2967EA-1201-4729-9053-039F51CC4A67}.Release|Any CPU.Build.0 = Release|Any CPU
	EndGlobalSection
	GlobalSection(SolutionProperties) = preSolution
		HideSolutionNode = FALSE
	EndGlobalSection
EndGlobal
